
Microsoft Visual Studio Solution File, Format Version 12.00
Project("{FAE04EC0-301F-11D3-BF4B-00C04F79EFBC}") = "LupusBytes.CS2.GameStateIntegration.Api", "src\LupusBytes.CS2.GameStateIntegration.Api\LupusBytes.CS2.GameStateIntegration.Api.csproj", "{805EDDA1-F961-4B51-AB07-3F4F3A0D20D4}"
EndProject
Project("{2150E333-8FDC-42A3-9474-1A3956D46DE8}") = "src", "src", "{36655383-D743-4AC6-9E7D-3BFF9BDD69B6}"
EndProject
Project("{FAE04EC0-301F-11D3-BF4B-00C04F79EFBC}") = "LupusBytes.CS2.GameStateIntegration.Contracts", "src\LupusBytes.CS2.GameStateIntegration.Contracts\LupusBytes.CS2.GameStateIntegration.Contracts.csproj", "{9DAD871B-BAB2-4267-9B44-38C5D67A0B8D}"
EndProject
Project("{2150E333-8FDC-42A3-9474-1A3956D46DE8}") = "test", "test", "{E8A90952-2F60-4324-9046-7CDCF150268E}"
EndProject
Project("{FAE04EC0-301F-11D3-BF4B-00C04F79EFBC}") = "LupusBytes.CS2.GameStateIntegration.Api.Tests", "test\LupusBytes.CS2.GameStateIntegration.Api.Tests\LupusBytes.CS2.GameStateIntegration.Api.Tests.csproj", "{DAF06728-EB61-425D-B50A-732FA97FDF9F}"
EndProject
Project("{FAE04EC0-301F-11D3-BF4B-00C04F79EFBC}") = "LupusBytes.CS2.GameStateIntegration.Api.Endpoints", "src\LupusBytes.CS2.GameStateIntegration.Api.Endpoints\LupusBytes.CS2.GameStateIntegration.Api.Endpoints.csproj", "{6ABC5CDB-C16F-4408-952F-9A0C71C3F9EE}"
EndProject
Project("{FAE04EC0-301F-11D3-BF4B-00C04F79EFBC}") = "LupusBytes.CS2.GameStateIntegration", "src\LupusBytes.CS2.GameStateIntegration\LupusBytes.CS2.GameStateIntegration.csproj", "{3775F777-8B41-46CE-90F3-162323FC1D69}"
EndProject
Project("{FAE04EC0-301F-11D3-BF4B-00C04F79EFBC}") = "LupusBytes.CS2.GameStateIntegration.Mqtt", "src\LupusBytes.CS2.GameStateIntegration.Mqtt\LupusBytes.CS2.GameStateIntegration.Mqtt.csproj", "{55AB67AD-E28B-4196-B8F2-5E3E63168C58}"
EndProject
Global
	GlobalSection(SolutionConfigurationPlatforms) = preSolution
		Debug|Any CPU = Debug|Any CPU
		Release|Any CPU = Release|Any CPU
	EndGlobalSection
	GlobalSection(ProjectConfigurationPlatforms) = postSolution
		{805EDDA1-F961-4B51-AB07-3F4F3A0D20D4}.Debug|Any CPU.ActiveCfg = Debug|Any CPU
		{805EDDA1-F961-4B51-AB07-3F4F3A0D20D4}.Debug|Any CPU.Build.0 = Debug|Any CPU
		{805EDDA1-F961-4B51-AB07-3F4F3A0D20D4}.Release|Any CPU.ActiveCfg = Release|Any CPU
		{805EDDA1-F961-4B51-AB07-3F4F3A0D20D4}.Release|Any CPU.Build.0 = Release|Any CPU
		{9DAD871B-BAB2-4267-9B44-38C5D67A0B8D}.Debug|Any CPU.ActiveCfg = Debug|Any CPU
		{9DAD871B-BAB2-4267-9B44-38C5D67A0B8D}.Debug|Any CPU.Build.0 = Debug|Any CPU
		{9DAD871B-BAB2-4267-9B44-38C5D67A0B8D}.Release|Any CPU.ActiveCfg = Release|Any CPU
		{9DAD871B-BAB2-4267-9B44-38C5D67A0B8D}.Release|Any CPU.Build.0 = Release|Any CPU
		{DAF06728-EB61-425D-B50A-732FA97FDF9F}.Debug|Any CPU.ActiveCfg = Debug|Any CPU
		{DAF06728-EB61-425D-B50A-732FA97FDF9F}.Debug|Any CPU.Build.0 = Debug|Any CPU
		{DAF06728-EB61-425D-B50A-732FA97FDF9F}.Release|Any CPU.ActiveCfg = Release|Any CPU
		{DAF06728-EB61-425D-B50A-732FA97FDF9F}.Release|Any CPU.Build.0 = Release|Any CPU
		{6ABC5CDB-C16F-4408-952F-9A0C71C3F9EE}.Debug|Any CPU.ActiveCfg = Debug|Any CPU
		{6ABC5CDB-C16F-4408-952F-9A0C71C3F9EE}.Debug|Any CPU.Build.0 = Debug|Any CPU
		{6ABC5CDB-C16F-4408-952F-9A0C71C3F9EE}.Release|Any CPU.ActiveCfg = Release|Any CPU
		{6ABC5CDB-C16F-4408-952F-9A0C71C3F9EE}.Release|Any CPU.Build.0 = Release|Any CPU
		{3775F777-8B41-46CE-90F3-162323FC1D69}.Debug|Any CPU.ActiveCfg = Debug|Any CPU
		{3775F777-8B41-46CE-90F3-162323FC1D69}.Debug|Any CPU.Build.0 = Debug|Any CPU
		{3775F777-8B41-46CE-90F3-162323FC1D69}.Release|Any CPU.ActiveCfg = Release|Any CPU
		{3775F777-8B41-46CE-90F3-162323FC1D69}.Release|Any CPU.Build.0 = Release|Any CPU
		{55AB67AD-E28B-4196-B8F2-5E3E63168C58}.Debug|Any CPU.ActiveCfg = Debug|Any CPU
		{55AB67AD-E28B-4196-B8F2-5E3E63168C58}.Debug|Any CPU.Build.0 = Debug|Any CPU
		{55AB67AD-E28B-4196-B8F2-5E3E63168C58}.Release|Any CPU.ActiveCfg = Release|Any CPU
		{55AB67AD-E28B-4196-B8F2-5E3E63168C58}.Release|Any CPU.Build.0 = Release|Any CPU
	EndGlobalSection
	GlobalSection(NestedProjects) = preSolution
		{805EDDA1-F961-4B51-AB07-3F4F3A0D20D4} = {36655383-D743-4AC6-9E7D-3BFF9BDD69B6}
		{9DAD871B-BAB2-4267-9B44-38C5D67A0B8D} = {36655383-D743-4AC6-9E7D-3BFF9BDD69B6}
		{DAF06728-EB61-425D-B50A-732FA97FDF9F} = {E8A90952-2F60-4324-9046-7CDCF150268E}
		{6ABC5CDB-C16F-4408-952F-9A0C71C3F9EE} = {36655383-D743-4AC6-9E7D-3BFF9BDD69B6}
		{3775F777-8B41-46CE-90F3-162323FC1D69} = {36655383-D743-4AC6-9E7D-3BFF9BDD69B6}
		{55AB67AD-E28B-4196-B8F2-5E3E63168C58} = {36655383-D743-4AC6-9E7D-3BFF9BDD69B6}
	EndGlobalSection
EndGlobal
